
Microsoft Visual Studio Solution File, Format Version 12.00
# Visual Studio Version 16
VisualStudioVersion = 16.0.30804.86
MinimumVisualStudioVersion = 10.0.40219.1
Project("{FAE04EC0-301F-11D3-BF4B-00C04F79EFBC}") = "ClassMetodDemo", "ClassMetodDemo\ClassMetodDemo.csproj", "{AFAF22A8-8844-403D-8C22-5D672CDEF4C0}"
EndProject
Global
	GlobalSection(SolutionConfigurationPlatforms) = preSolution
		Debug|Any CPU = Debug|Any CPU
		Release|Any CPU = Release|Any CPU
	EndGlobalSection
	GlobalSection(ProjectConfigurationPlatforms) = postSolution
		{AFAF22A8-8844-403D-8C22-5D672CDEF4C0}.Debug|Any CPU.ActiveCfg = Debug|Any CPU
		{AFAF22A8-8844-403D-8C22-5D672CDEF4C0}.Debug|Any CPU.Build.0 = Debug|Any CPU
		{AFAF22A8-8844-403D-8C22-5D672CDEF4C0}.Release|Any CPU.ActiveCfg = Release|Any CPU
		{AFAF22A8-8844-403D-8C22-5D672CDEF4C0}.Release|Any CPU.Build.0 = Release|Any CPU
	EndGlobalSection
	GlobalSection(SolutionProperties) = preSolution
		HideSolutionNode = FALSE
	EndGlobalSection
	GlobalSection(ExtensibilityGlobals) = postSolution
		SolutionGuid = {6365883A-CD71-494F-B2BE-5943E2F15B27}
	EndGlobalSection
EndGlobal
